[[package]]
name = "asgiref"
version = "3.5.2"
description = "ASGI specs, helper code, and adapters"
category = "main"
optional = false
python-versions = ">=3.7"

[package.extras]
tests = ["mypy (>=0.800)", "pytest-asyncio", "pytest"]

[[package]]
name = "asttokens"
version = "2.0.8"
description = "Annotate AST trees with source code positions"
category = "dev"
optional = false
python-versions = "*"

[package.dependencies]
six = "*"

[package.extras]
test = ["pytest", "astroid (<=2.5.3)"]

[[package]]
name = "atomicwrites"
version = "1.4.1"
description = "Atomic file writes."
category = "dev"
optional = false
python-versions = ">=2.7, !=3.0.*, !=3.1.*, !=3.2.*, !=3.3.*"

[[package]]
name = "attrs"
version = "22.1.0"
description = "Classes Without Boilerplate"
category = "dev"
optional = false
python-versions = ">=3.5"

[package.extras]
tests_no_zope = ["cloudpickle", "pytest-mypy-plugins", "mypy (>=0.900,!=0.940)", "pytest (>=4.3.0)", "pympler", "hypothesis", "coverage[toml] (>=5.0.2)"]
tests = ["cloudpickle", "zope.interface", "pytest-mypy-plugins", "mypy (>=0.900,!=0.940)", "pytest (>=4.3.0)", "pympler", "hypothesis", "coverage[toml] (>=5.0.2)"]
docs = ["sphinx-notfound-page", "zope.interface", "sphinx", "furo"]
dev = ["cloudpickle", "pre-commit", "sphinx-notfound-page", "sphinx", "furo", "zope.interface", "pytest-mypy-plugins", "mypy (>=0.900,!=0.940)", "pytest (>=4.3.0)", "pympler", "hypothesis", "coverage[toml] (>=5.0.2)"]

[[package]]
name = "black"
version = "22.6.0"
description = "The uncompromising code formatter."
category = "dev"
optional = false
python-versions = ">=3.6.2"

[package.dependencies]
click = ">=8.0.0"
mypy-extensions = ">=0.4.3"
pathspec = ">=0.9.0"
platformdirs = ">=2"
tomli = {version = ">=1.1.0", markers = "python_full_version < \"3.11.0a7\""}

[package.extras]
uvloop = ["uvloop (>=0.15.2)"]
jupyter = ["tokenize-rt (>=3.2.0)", "ipython (>=7.8.0)"]
d = ["aiohttp (>=3.7.4)"]
colorama = ["colorama (>=0.4.3)"]

[[package]]
name = "click"
version = "8.1.3"
description = "Composable command line interface toolkit"
category = "dev"
optional = false
python-versions = ">=3.7"

[package.dependencies]
colorama = {version = "*", markers = "platform_system == \"Windows\""}

[[package]]
name = "colorama"
version = "0.4.5"
description = "Cross-platform colored terminal text."
category = "dev"
optional = false
python-versions = ">=2.7, !=3.0.*, !=3.1.*, !=3.2.*, !=3.3.*, !=3.4.*"

[[package]]
name = "commonmark"
version = "0.9.1"
description = "Python parser for the CommonMark Markdown spec"
category = "main"
optional = false
python-versions = "*"

[package.extras]
test = ["hypothesis (==3.55.3)", "flake8 (==3.7.8)"]

[[package]]
name = "dj-database-url"
version = "1.0.0"
description = "Use Database URLs in your Django Application."
category = "main"
optional = false
python-versions = "*"

[package.dependencies]
Django = ">3.2"

[[package]]
name = "dj-email-url"
version = "1.0.5"
description = "Use an URL to configure email backend settings in your Django Application."
category = "main"
optional = false
python-versions = "*"

[[package]]
name = "dj-search-url"
version = "0.1"
description = "Use Search URLs in your Django Haystack Application."
category = "main"
optional = false
python-versions = "*"

[package.extras]
tests = ["pytest"]

[[package]]
name = "django"
version = "4.1"
description = "A high-level Python web framework that encourages rapid development and clean, pragmatic design."
category = "main"
optional = false
python-versions = ">=3.8"

[package.dependencies]
asgiref = ">=3.5.2,<4"
sqlparse = ">=0.2.2"
tzdata = {version = "*", markers = "sys_platform == \"win32\""}

[package.extras]
bcrypt = ["bcrypt"]
argon2 = ["argon2-cffi (>=19.1.0)"]

[[package]]
name = "django-cache-url"
version = "3.4.2"
description = "Use Cache URLs in your Django application."
category = "main"
optional = false
python-versions = "*"

[[package]]
name = "django-configurations"
version = "2.3.2"
description = "A helper for organizing Django settings."
category = "main"
optional = false
python-versions = ">=3.6, <4.0"

[package.dependencies]
dj-database-url = {version = "*", optional = true, markers = "extra == \"database\""}
dj-email-url = {version = "*", optional = true, markers = "extra == \"email\""}
dj-search-url = {version = "*", optional = true, markers = "extra == \"search\""}
django = ">=2.2"
django-cache-url = {version = "*", optional = true, markers = "extra == \"cache\""}

[package.extras]
cache = ["django-cache-url"]
database = ["dj-database-url"]
email = ["dj-email-url"]
search = ["dj-search-url"]
testing = ["django-cache-url (>=1.0.0)", "dj-database-url", "dj-email-url", "dj-search-url"]

[[package]]
name = "executing"
version = "0.10.0"
description = "Get the currently executing AST node of a frame, and other information"
category = "dev"
optional = false
python-versions = "*"

[[package]]
name = "icecream"
version = "2.1.3"
description = "Never use print() to debug again; inspect variables, expressions, and program execution with a single, simple function call."
category = "dev"
optional = false
python-versions = "*"

[package.dependencies]
asttokens = ">=2.0.1"
colorama = ">=0.3.9"
executing = ">=0.3.1"
pygments = ">=2.2.0"

[[package]]
name = "iniconfig"
version = "1.1.1"
description = "iniconfig: brain-dead simple config-ini parsing"
category = "dev"
optional = false
python-versions = "*"

[[package]]
name = "isort"
version = "5.10.1"
description = "A Python utility / library to sort Python imports."
category = "dev"
optional = false
python-versions = ">=3.6.1,<4.0"

[package.extras]
plugins = ["setuptools"]
colors = ["colorama (>=0.4.3,<0.5.0)"]
requirements_deprecated_finder = ["pip-api", "pipreqs"]
pipfile_deprecated_finder = ["requirementslib", "pipreqs"]

[[package]]
name = "mypy-extensions"
version = "0.4.3"
description = "Experimental type system extensions for programs checked with the mypy typechecker."
category = "dev"
optional = false
python-versions = "*"

[[package]]
name = "packaging"
version = "21.3"
description = "Core utilities for Python packages"
category = "dev"
optional = false
python-versions = ">=3.6"

[package.dependencies]
pyparsing = ">=2.0.2,<3.0.5 || >3.0.5"

[[package]]
name = "pathspec"
version = "0.9.0"
description = "Utility library for gitignore style pattern matching of file paths."
category = "dev"
optional = false
python-versions = "!=3.0.*,!=3.1.*,!=3.2.*,!=3.3.*,!=3.4.*,>=2.7"

[[package]]
name = "pdbr"
version = "0.7.2"
description = "Pdb with Rich library."
category = "dev"
optional = false
python-versions = ">=3.7.9,<4.0.0"

[package.dependencies]
icecream = ">=2.1.0,<3.0.0"
pyreadline = {version = ">=2.1,<3.0", markers = "sys_platform == \"win32\""}
rich = ">=12.0.0,<13.0.0"
sqlparse = ">=0.4.2,<0.5.0"

[package.extras]
ipython = ["ipython"]
celery = ["celery (>=5.2.2,<6.0.0)"]

[[package]]
name = "platformdirs"
version = "2.5.2"
description = "A small Python module for determining appropriate platform-specific dirs, e.g. a \"user data dir\"."
category = "dev"
optional = false
python-versions = ">=3.7"

[package.extras]
test = ["pytest (>=6)", "pytest-mock (>=3.6)", "pytest-cov (>=2.7)", "appdirs (==1.4.4)"]
docs = ["sphinx (>=4)", "sphinx-autodoc-typehints (>=1.12)", "proselint (>=0.10.2)", "furo (>=2021.7.5b38)"]

[[package]]
name = "pluggy"
version = "1.0.0"
description = "plugin and hook calling mechanisms for python"
category = "dev"
optional = false
python-versions = ">=3.6"

[package.extras]
testing = ["pytest-benchmark", "pytest"]
dev = ["tox", "pre-commit"]

[[package]]
name = "psycopg2-binary"
version = "2.9.3"
description = "psycopg2 - Python-PostgreSQL Database Adapter"
category = "main"
optional = false
python-versions = ">=3.6"

[[package]]
name = "py"
version = "1.11.0"
description = "library with cross-python path, ini-parsing, io, code, log facilities"
category = "dev"
optional = false
python-versions = ">=2.7, !=3.0.*, !=3.1.*, !=3.2.*, !=3.3.*, !=3.4.*"

[[package]]
name = "pygments"
version = "2.13.0"
description = "Pygments is a syntax highlighting package written in Python."
category = "main"
optional = false
python-versions = ">=3.6"

[package.extras]
plugins = ["importlib-metadata"]

[[package]]
name = "pyparsing"
version = "3.0.9"
description = "pyparsing module - Classes and methods to define and execute parsing grammars"
category = "dev"
optional = false
python-versions = ">=3.6.8"

[package.extras]
diagrams = ["jinja2", "railroad-diagrams"]

[[package]]
name = "pyreadline"
version = "2.1"
description = "A python implmementation of GNU readline."
category = "dev"
optional = false
python-versions = "*"

[[package]]
name = "pytest"
version = "7.1.2"
description = "pytest: simple powerful testing with Python"
category = "dev"
optional = false
python-versions = ">=3.7"

[package.dependencies]
atomicwrites = {version = ">=1.0", markers = "sys_platform == \"win32\""}
attrs = ">=19.2.0"
colorama = {version = "*", markers = "sys_platform == \"win32\""}
iniconfig = "*"
packaging = "*"
pluggy = ">=0.12,<2.0"
py = ">=1.8.2"
tomli = ">=1.0.0"

[package.extras]
testing = ["xmlschema", "requests", "pygments (>=2.7.2)", "nose", "mock", "hypothesis (>=3.56)", "argcomplete"]

[[package]]
name = "rich"
version = "12.5.1"
description = "Render rich text, tables, progress bars, syntax highlighting, markdown and more to the terminal"
category = "main"
optional = false
python-versions = ">=3.6.3,<4.0.0"

[package.dependencies]
commonmark = ">=0.9.0,<0.10.0"
pygments = ">=2.6.0,<3.0.0"

[package.extras]
jupyter = ["ipywidgets (>=7.5.1,<8.0.0)"]

[[package]]
name = "six"
version = "1.16.0"
description = "Python 2 and 3 compatibility utilities"
category = "dev"
optional = false
python-versions = ">=2.7, !=3.0.*, !=3.1.*, !=3.2.*"

[[package]]
name = "sqlparse"
version = "0.4.2"
description = "A non-validating SQL parser."
category = "main"
optional = false
python-versions = ">=3.5"

[[package]]
name = "tomli"
version = "2.0.1"
description = "A lil' TOML parser"
category = "dev"
optional = false
python-versions = ">=3.7"

[[package]]
name = "tzdata"
version = "2022.2"
description = "Provider of IANA time zone data"
category = "main"
optional = false
python-versions = ">=2"

[metadata]
lock-version = "1.1"
python-versions = "^3.10"
content-hash = "d172e7ef0d1f96139046a155b92553a9b63ee8a9c6faae466f205e31390eb811"

[metadata.files]
asgiref = []
asttokens = []
atomicwrites = []
attrs = []
black = []
click = []
colorama = []
commonmark = []
dj-database-url = []
dj-email-url = []
dj-search-url = []
django = []
django-cache-url = []
django-configurations = []
executing = []
icecream = []
iniconfig = []
isort = []
mypy-extensions = []
packaging = []
pathspec = []
pdbr = []
platformdirs = []
pluggy = []
psycopg2-binary = []
py = []
pygments = []
pyparsing = []
pyreadline = []
pytest = []
rich = []
six = []
sqlparse = []
tomli = []
tzdata = []
